
Microsoft Visual Studio Solution File, Format Version 12.00
# Visual Studio Version 16
VisualStudioVersion = 16.0.30611.23
MinimumVisualStudioVersion = 10.0.40219.1
Project("{9A19103F-16F7-4668-BE54-9A1E7A4F7556}") = "StLinkHack", "StLinkHack\StLinkHack.csproj", "{2024415C-334D-4D8C-B038-CEDD569A8D6A}"
EndProject
Project("{9A19103F-16F7-4668-BE54-9A1E7A4F7556}") = "Device.Net", "Device.Net\src\Device.Net\Device.Net.csproj", "{ACED4ACC-6B0B-4F3A-858D-77B41E71E59C}"
EndProject
Project("{9A19103F-16F7-4668-BE54-9A1E7A4F7556}") = "Usb.Net", "Device.Net\src\Usb.Net\Usb.Net.csproj", "{0B363E3C-2BE2-4E11-8DB8-ADA333AADAA4}"
EndProject
Global
	GlobalSection(SolutionConfigurationPlatforms) = preSolution
		Debug|Any CPU = Debug|Any CPU
		Release|Any CPU = Release|Any CPU
		ReleaseDev|Any CPU = ReleaseDev|Any CPU
	EndGlobalSection
	GlobalSection(ProjectConfigurationPlatforms) = postSolution
		{2024415C-334D-4D8C-B038-CEDD569A8D6A}.Debug|Any CPU.ActiveCfg = Debug|Any CPU
		{2024415C-334D-4D8C-B038-CEDD569A8D6A}.Debug|Any CPU.Build.0 = Debug|Any CPU
		{2024415C-334D-4D8C-B038-CEDD569A8D6A}.Release|Any CPU.ActiveCfg = Release|Any CPU
		{2024415C-334D-4D8C-B038-CEDD569A8D6A}.Release|Any CPU.Build.0 = Release|Any CPU
		{2024415C-334D-4D8C-B038-CEDD569A8D6A}.ReleaseDev|Any CPU.ActiveCfg = Release|Any CPU
		{2024415C-334D-4D8C-B038-CEDD569A8D6A}.ReleaseDev|Any CPU.Build.0 = Release|Any CPU
		{ACED4ACC-6B0B-4F3A-858D-77B41E71E59C}.Debug|Any CPU.ActiveCfg = Debug|Any CPU
		{ACED4ACC-6B0B-4F3A-858D-77B41E71E59C}.Debug|Any CPU.Build.0 = Debug|Any CPU
		{ACED4ACC-6B0B-4F3A-858D-77B41E71E59C}.Release|Any CPU.ActiveCfg = Release|Any CPU
		{ACED4ACC-6B0B-4F3A-858D-77B41E71E59C}.Release|Any CPU.Build.0 = Release|Any CPU
		{ACED4ACC-6B0B-4F3A-858D-77B41E71E59C}.ReleaseDev|Any CPU.ActiveCfg = ReleaseDev|Any CPU
		{ACED4ACC-6B0B-4F3A-858D-77B41E71E59C}.ReleaseDev|Any CPU.Build.0 = ReleaseDev|Any CPU
		{0B363E3C-2BE2-4E11-8DB8-ADA333AADAA4}.Debug|Any CPU.ActiveCfg = Debug|Any CPU
		{0B363E3C-2BE2-4E11-8DB8-ADA333AADAA4}.Debug|Any CPU.Build.0 = Debug|Any CPU
		{0B363E3C-2BE2-4E11-8DB8-ADA333AADAA4}.Release|Any CPU.ActiveCfg = Release|Any CPU
		{0B363E3C-2BE2-4E11-8DB8-ADA333AADAA4}.Release|Any CPU.Build.0 = Release|Any CPU
		{0B363E3C-2BE2-4E11-8DB8-ADA333AADAA4}.ReleaseDev|Any CPU.ActiveCfg = ReleaseDev|Any CPU
		{0B363E3C-2BE2-4E11-8DB8-ADA333AADAA4}.ReleaseDev|Any CPU.Build.0 = ReleaseDev|Any CPU
	EndGlobalSection
	GlobalSection(SolutionProperties) = preSolution
		HideSolutionNode = FALSE
	EndGlobalSection
	GlobalSection(ExtensibilityGlobals) = postSolution
		SolutionGuid = {8F615A00-6FE5-48C8-9784-FC5A453A1EC0}
	EndGlobalSection
EndGlobal
